// !$*UTF8*$!
{
	archiveVersion = 1;
	classes = {
	};
	objectVersion = 46;
	objects = {

/* Begin PBXBuildFile section */
		1A7B37A31724679000C44899 /* CallZBar.h in Headers */ = {isa = PBXBuildFile; fileRef = 1A7B37A11724679000C44899 /* CallZBar.h */; };
		1A7B37A41724679000C44899 /* CallZBar.m in Sources */ = {isa = PBXBuildFile; fileRef = 1A7B37A21724679000C44899 /* CallZBar.m */; };
		1A7B37C4172468C900C44899 /* libzbar.a in Frameworks */ = {isa = PBXBuildFile; fileRef = 1A7B37BE1724686F00C44899 /* libzbar.a */; };
		1A7B37C61724693400C44899 /* libiconv.dylib in Frameworks */ = {isa = PBXBuildFile; fileRef = 1A7B37C51724693400C44899 /* libiconv.dylib */; };
		1A7B37C71724696600C44899 /* Decoder.h in Headers */ = {isa = PBXBuildFile; fileRef = 1A7B37AA1724686F00C44899 /* Decoder.h */; };
		1A7B37C81724696600C44899 /* Exception.h in Headers */ = {isa = PBXBuildFile; fileRef = 1A7B37AB1724686F00C44899 /* Exception.h */; };
		1A7B37C91724696600C44899 /* Image.h in Headers */ = {isa = PBXBuildFile; fileRef = 1A7B37AC1724686F00C44899 /* Image.h */; };
		1A7B37CA1724696600C44899 /* ImageScanner.h in Headers */ = {isa = PBXBuildFile; fileRef = 1A7B37AD1724686F00C44899 /* ImageScanner.h */; };
		1A7B37CB1724696600C44899 /* Processor.h in Headers */ = {isa = PBXBuildFile; fileRef = 1A7B37AE1724686F00C44899 /* Processor.h */; };
		1A7B37CC1724696600C44899 /* Scanner.h in Headers */ = {isa = PBXBuildFile; fileRef = 1A7B37AF1724686F00C44899 /* Scanner.h */; };
		1A7B37CD1724696600C44899 /* Symbol.h in Headers */ = {isa = PBXBuildFile; fileRef = 1A7B37B01724686F00C44899 /* Symbol.h */; };
		1A7B37CE1724696600C44899 /* Video.h in Headers */ = {isa = PBXBuildFile; fileRef = 1A7B37B11724686F00C44899 /* Video.h */; };
		1A7B37CF1724696600C44899 /* Window.h in Headers */ = {isa = PBXBuildFile; fileRef = 1A7B37B21724686F00C44899 /* Window.h */; };
		1A7B37D01724696600C44899 /* zbar.h in Headers */ = {isa = PBXBuildFile; fileRef = 1A7B37B31724686F00C44899 /* zbar.h */; };
		1A7B37D11724696600C44899 /* ZBarCameraSimulator.h in Headers */ = {isa = PBXBuildFile; fileRef = 1A7B37B41724686F00C44899 /* ZBarCameraSimulator.h */; };
		1A7B37D21724696600C44899 /* ZBarCaptureReader.h in Headers */ = {isa = PBXBuildFile; fileRef = 1A7B37B51724686F00C44899 /* ZBarCaptureReader.h */; };
		1A7B37D31724696600C44899 /* ZBarHelpController.h in Headers */ = {isa = PBXBuildFile; fileRef = 1A7B37B61724686F00C44899 /* ZBarHelpController.h */; };
		1A7B37D41724696600C44899 /* ZBarImage.h in Headers */ = {isa = PBXBuildFile; fileRef = 1A7B37B71724686F00C44899 /* ZBarImage.h */; };
		1A7B37D51724696600C44899 /* ZBarImageScanner.h in Headers */ = {isa = PBXBuildFile; fileRef = 1A7B37B81724686F00C44899 /* ZBarImageScanner.h */; };
		1A7B37D61724696600C44899 /* ZBarReaderController.h in Headers */ = {isa = PBXBuildFile; fileRef = 1A7B37B91724686F00C44899 /* ZBarReaderController.h */; };
		1A7B37D71724696600C44899 /* ZBarReaderView.h in Headers */ = {isa = PBXBuildFile; fileRef = 1A7B37BA1724686F00C44899 /* ZBarReaderView.h */; };
		1A7B37D81724696600C44899 /* ZBarReaderViewController.h in Headers */ = {isa = PBXBuildFile; fileRef = 1A7B37BB1724686F00C44899 /* ZBarReaderViewController.h */; };
		1A7B37D91724696600C44899 /* ZBarSDK.h in Headers */ = {isa = PBXBuildFile; fileRef = 1A7B37BC1724686F00C44899 /* ZBarSDK.h */; };
		1A7B37DA1724696600C44899 /* ZBarSymbol.h in Headers */ = {isa = PBXBuildFile; fileRef = 1A7B37BD1724686F00C44899 /* ZBarSymbol.h */; };
		1A7B37DB1724696600C44899 /* QRZBar.m in Headers */ = {isa = PBXBuildFile; fileRef = 1AE1F882172432B7001C2B11 /* QRZBar.m */; };
		1AE1F861172432B7001C2B11 /* Foundation.framework in Frameworks */ = {isa = PBXBuildFile; fileRef = 1AE1F860172432B7001C2B11 /* Foundation.framework */; };
		1AE1F863172432B7001C2B11 /* CoreFoundation.framework in Frameworks */ = {isa = PBXBuildFile; fileRef = 1AE1F862172432B7001C2B11 /* CoreFoundation.framework */; };
		1AE1F865172432B7001C2B11 /* UIKit.framework in Frameworks */ = {isa = PBXBuildFile; fileRef = 1AE1F864172432B7001C2B11 /* UIKit.framework */; };
		1AE1F867172432B7001C2B11 /* MobileCoreServices.framework in Frameworks */ = {isa = PBXBuildFile; fileRef = 1AE1F866172432B7001C2B11 /* MobileCoreServices.framework */; };
		1AE1F869172432B7001C2B11 /* CoreGraphics.framework in Frameworks */ = {isa = PBXBuildFile; fileRef = 1AE1F868172432B7001C2B11 /* CoreGraphics.framework */; };
		1AE1F86B172432B7001C2B11 /* SystemConfiguration.framework in Frameworks */ = {isa = PBXBuildFile; fileRef = 1AE1F86A172432B7001C2B11 /* SystemConfiguration.framework */; };
		1AE1F86D172432B7001C2B11 /* AudioToolbox.framework in Frameworks */ = {isa = PBXBuildFile; fileRef = 1AE1F86C172432B7001C2B11 /* AudioToolbox.framework */; };
		1AE1F86F172432B7001C2B11 /* CFNetwork.framework in Frameworks */ = {isa = PBXBuildFile; fileRef = 1AE1F86E172432B7001C2B11 /* CFNetwork.framework */; };
		1AE1F871172432B7001C2B11 /* QuartzCore.framework in Frameworks */ = {isa = PBXBuildFile; fileRef = 1AE1F870172432B7001C2B11 /* QuartzCore.framework */; };
		1AE1F873172432B7001C2B11 /* OpenGLES.framework in Frameworks */ = {isa = PBXBuildFile; fileRef = 1AE1F872172432B7001C2B11 /* OpenGLES.framework */; };
		1AE1F875172432B7001C2B11 /* CoreLocation.framework in Frameworks */ = {isa = PBXBuildFile; fileRef = 1AE1F874172432B7001C2B11 /* CoreLocation.framework */; };
		1AE1F877172432B7001C2B11 /* CoreMedia.framework in Frameworks */ = {isa = PBXBuildFile; fileRef = 1AE1F876172432B7001C2B11 /* CoreMedia.framework */; };
		1AE1F879172432B7001C2B11 /* CoreVideo.framework in Frameworks */ = {isa = PBXBuildFile; fileRef = 1AE1F878172432B7001C2B11 /* CoreVideo.framework */; };
		1AE1F87B172432B7001C2B11 /* AVFoundation.framework in Frameworks */ = {isa = PBXBuildFile; fileRef = 1AE1F87A172432B7001C2B11 /* AVFoundation.framework */; };
		1AE1F87D172432B7001C2B11 /* Security.framework in Frameworks */ = {isa = PBXBuildFile; fileRef = 1AE1F87C172432B7001C2B11 /* Security.framework */; };
		1AE1F883172432B7001C2B11 /* QRZBar.m in Sources */ = {isa = PBXBuildFile; fileRef = 1AE1F882172432B7001C2B11 /* QRZBar.m */; };
/* End PBXBuildFile section */

/* Begin PBXFileReference section */
		1A7B37A11724679000C44899 /* CallZBar.h */ = {isa = PBXFileReference; fileEncoding = 4; lastKnownFileType = sourcecode.c.h; path = CallZBar.h; sourceTree = "<group>"; };
		1A7B37A21724679000C44899 /* CallZBar.m */ = {isa = PBXFileReference; fileEncoding = 4; lastKnownFileType = sourcecode.c.objc; path = CallZBar.m; sourceTree = "<group>"; };
		1A7B37AA1724686F00C44899 /* Decoder.h */ = {isa = PBXFileReference; lastKnownFileType = sourcecode.c.h; path = Decoder.h; sourceTree = "<group>"; };
		1A7B37AB1724686F00C44899 /* Exception.h */ = {isa = PBXFileReference; lastKnownFileType = sourcecode.c.h; path = Exception.h; sourceTree = "<group>"; };
		1A7B37AC1724686F00C44899 /* Image.h */ = {isa = PBXFileReference; lastKnownFileType = sourcecode.c.h; path = Image.h; sourceTree = "<group>"; };
		1A7B37AD1724686F00C44899 /* ImageScanner.h */ = {isa = PBXFileReference; lastKnownFileType = sourcecode.c.h; path = ImageScanner.h; sourceTree = "<group>"; };
		1A7B37AE1724686F00C44899 /* Processor.h */ = {isa = PBXFileReference; lastKnownFileType = sourcecode.c.h; path = Processor.h; sourceTree = "<group>"; };
		1A7B37AF1724686F00C44899 /* Scanner.h */ = {isa = PBXFileReference; lastKnownFileType = sourcecode.c.h; path = Scanner.h; sourceTree = "<group>"; };
		1A7B37B01724686F00C44899 /* Symbol.h */ = {isa = PBXFileReference; lastKnownFileType = sourcecode.c.h; path = Symbol.h; sourceTree = "<group>"; };
		1A7B37B11724686F00C44899 /* Video.h */ = {isa = PBXFileReference; lastKnownFileType = sourcecode.c.h; path = Video.h; sourceTree = "<group>"; };
		1A7B37B21724686F00C44899 /* Window.h */ = {isa = PBXFileReference; lastKnownFileType = sourcecode.c.h; path = Window.h; sourceTree = "<group>"; };
		1A7B37B31724686F00C44899 /* zbar.h */ = {isa = PBXFileReference; lastKnownFileType = sourcecode.c.h; path = zbar.h; sourceTree = "<group>"; };
		1A7B37B41724686F00C44899 /* ZBarCameraSimulator.h */ = {isa = PBXFileReference; lastKnownFileType = sourcecode.c.h; path = ZBarCameraSimulator.h; sourceTree = "<group>"; };
		1A7B37B51724686F00C44899 /* ZBarCaptureReader.h */ = {isa = PBXFileReference; lastKnownFileType = sourcecode.c.h; path = ZBarCaptureReader.h; sourceTree = "<group>"; };
		1A7B37B61724686F00C44899 /* ZBarHelpController.h */ = {isa = PBXFileReference; lastKnownFileType = sourcecode.c.h; path = ZBarHelpController.h; sourceTree = "<group>"; };
		1A7B37B71724686F00C44899 /* ZBarImage.h */ = {isa = PBXFileReference; lastKnownFileType = sourcecode.c.h; path = ZBarImage.h; sourceTree = "<group>"; };
		1A7B37B81724686F00C44899 /* ZBarImageScanner.h */ = {isa = PBXFileReference; lastKnownFileType = sourcecode.c.h; path = ZBarImageScanner.h; sourceTree = "<group>"; };
		1A7B37B91724686F00C44899 /* ZBarReaderController.h */ = {isa = PBXFileReference; lastKnownFileType = sourcecode.c.h; path = ZBarReaderController.h; sourceTree = "<group>"; };
		1A7B37BA1724686F00C44899 /* ZBarReaderView.h */ = {isa = PBXFileReference; lastKnownFileType = sourcecode.c.h; path = ZBarReaderView.h; sourceTree = "<group>"; };
		1A7B37BB1724686F00C44899 /* ZBarReaderViewController.h */ = {isa = PBXFileReference; lastKnownFileType = sourcecode.c.h; path = ZBarReaderViewController.h; sourceTree = "<group>"; };
		1A7B37BC1724686F00C44899 /* ZBarSDK.h */ = {isa = PBXFileReference; lastKnownFileType = sourcecode.c.h; path = ZBarSDK.h; sourceTree = "<group>"; };
		1A7B37BD1724686F00C44899 /* ZBarSymbol.h */ = {isa = PBXFileReference; lastKnownFileType = sourcecode.c.h; path = ZBarSymbol.h; sourceTree = "<group>"; };
		1A7B37BE1724686F00C44899 /* libzbar.a */ = {isa = PBXFileReference; lastKnownFileType = archive.ar; path = libzbar.a; sourceTree = "<group>"; };
		1A7B37C01724686F00C44899 /* zbar-back.png */ = {isa = PBXFileReference; lastKnownFileType = image.png; path = "zbar-back.png"; sourceTree = "<group>"; };
		1A7B37C11724686F00C44899 /* zbar-help.html */ = {isa = PBXFileReference; lastKnownFileType = text.html; path = "zbar-help.html"; sourceTree = "<group>"; };
		1A7B37C21724686F00C44899 /* zbar-helpicons.png */ = {isa = PBXFileReference; lastKnownFileType = image.png; path = "zbar-helpicons.png"; sourceTree = "<group>"; };
		1A7B37C31724686F00C44899 /* zbar-samples.png */ = {isa = PBXFileReference; lastKnownFileType = image.png; path = "zbar-samples.png"; sourceTree = "<group>"; };
		1A7B37C51724693400C44899 /* libiconv.dylib */ = {isa = PBXFileReference; lastKnownFileType = "compiled.mach-o.dylib"; name = libiconv.dylib; path = usr/lib/libiconv.dylib; sourceTree = SDKROOT; };
		1AE1F85D172432B7001C2B11 /* libQRZBar.a */ = {isa = PBXFileReference; explicitFileType = archive.ar; includeInIndex = 0; path = libQRZBar.a; sourceTree = BUILT_PRODUCTS_DIR; };
		1AE1F860172432B7001C2B11 /* Foundation.framework */ = {isa = PBXFileReference; lastKnownFileType = wrapper.framework; name = Foundation.framework; path = System/Library/Frameworks/Foundation.framework; sourceTree = SDKROOT; };
		1AE1F862172432B7001C2B11 /* CoreFoundation.framework */ = {isa = PBXFileReference; lastKnownFileType = wrapper.framework; name = CoreFoundation.framework; path = System/Library/Frameworks/CoreFoundation.framework; sourceTree = SDKROOT; };
		1AE1F864172432B7001C2B11 /* UIKit.framework */ = {isa = PBXFileReference; lastKnownFileType = wrapper.framework; name = UIKit.framework; path = System/Library/Frameworks/UIKit.framework; sourceTree = SDKROOT; };
		1AE1F866172432B7001C2B11 /* MobileCoreServices.framework */ = {isa = PBXFileReference; lastKnownFileType = wrapper.framework; name = MobileCoreServices.framework; path = System/Library/Frameworks/MobileCoreServices.framework; sourceTree = SDKROOT; };
		1AE1F868172432B7001C2B11 /* CoreGraphics.framework */ = {isa = PBXFileReference; lastKnownFileType = wrapper.framework; name = CoreGraphics.framework; path = System/Library/Frameworks/CoreGraphics.framework; sourceTree = SDKROOT; };
		1AE1F86A172432B7001C2B11 /* SystemConfiguration.framework */ = {isa = PBXFileReference; lastKnownFileType = wrapper.framework; name = SystemConfiguration.framework; path = System/Library/Frameworks/SystemConfiguration.framework; sourceTree = SDKROOT; };
		1AE1F86C172432B7001C2B11 /* AudioToolbox.framework */ = {isa = PBXFileReference; lastKnownFileType = wrapper.framework; name = AudioToolbox.framework; path = System/Library/Frameworks/AudioToolbox.framework; sourceTree = SDKROOT; };
		1AE1F86E172432B7001C2B11 /* CFNetwork.framework */ = {isa = PBXFileReference; lastKnownFileType = wrapper.framework; name = CFNetwork.framework; path = System/Library/Frameworks/CFNetwork.framework; sourceTree = SDKROOT; };
		1AE1F870172432B7001C2B11 /* QuartzCore.framework */ = {isa = PBXFileReference; lastKnownFileType = wrapper.framework; name = QuartzCore.framework; path = System/Library/Frameworks/QuartzCore.framework; sourceTree = SDKROOT; };
		1AE1F872172432B7001C2B11 /* OpenGLES.framework */ = {isa = PBXFileReference; lastKnownFileType = wrapper.framework; name = OpenGLES.framework; path = System/Library/Frameworks/OpenGLES.framework; sourceTree = SDKROOT; };
		1AE1F874172432B7001C2B11 /* CoreLocation.framework */ = {isa = PBXFileReference; lastKnownFileType = wrapper.framework; name = CoreLocation.framework; path = System/Library/Frameworks/CoreLocation.framework; sourceTree = SDKROOT; };
		1AE1F876172432B7001C2B11 /* CoreMedia.framework */ = {isa = PBXFileReference; lastKnownFileType = wrapper.framework; name = CoreMedia.framework; path = System/Library/Frameworks/CoreMedia.framework; sourceTree = SDKROOT; };
		1AE1F878172432B7001C2B11 /* CoreVideo.framework */ = {isa = PBXFileReference; lastKnownFileType = wrapper.framework; name = CoreVideo.framework; path = System/Library/Frameworks/CoreVideo.framework; sourceTree = SDKROOT; };
		1AE1F87A172432B7001C2B11 /* AVFoundation.framework */ = {isa = PBXFileReference; lastKnownFileType = wrapper.framework; name = AVFoundation.framework; path = System/Library/Frameworks/AVFoundation.framework; sourceTree = SDKROOT; };
		1AE1F87C172432B7001C2B11 /* Security.framework */ = {isa = PBXFileReference; lastKnownFileType = wrapper.framework; name = Security.framework; path = System/Library/Frameworks/Security.framework; sourceTree = SDKROOT; };
		1AE1F880172432B7001C2B11 /* QRZBar-Prefix.pch */ = {isa = PBXFileReference; lastKnownFileType = sourcecode.c.h; path = "QRZBar-Prefix.pch"; sourceTree = "<group>"; };
		1AE1F881172432B7001C2B11 /* QRZBar.h */ = {isa = PBXFileReference; lastKnownFileType = sourcecode.c.h; path = QRZBar.h; sourceTree = "<group>"; };
		1AE1F882172432B7001C2B11 /* QRZBar.m */ = {isa = PBXFileReference; lastKnownFileType = sourcecode.c.objc; path = QRZBar.m; sourceTree = "<group>"; };
		1AE1F884172432B7001C2B11 /* platformoptions.xml */ = {isa = PBXFileReference; lastKnownFileType = text.xml; path = platformoptions.xml; sourceTree = "<group>"; };
/* End PBXFileReference section */

/* Begin PBXFrameworksBuildPhase section */
		1AE1F85A172432B7001C2B11 /* Frameworks */ = {
			isa = PBXFrameworksBuildPhase;
			buildActionMask = 2147483647;
			files = (
				1A7B37C61724693400C44899 /* libiconv.dylib in Frameworks */,
				1AE1F861172432B7001C2B11 /* Foundation.framework in Frameworks */,
				1AE1F863172432B7001C2B11 /* CoreFoundation.framework in Frameworks */,
				1AE1F865172432B7001C2B11 /* UIKit.framework in Frameworks */,
				1AE1F867172432B7001C2B11 /* MobileCoreServices.framework in Frameworks */,
				1AE1F869172432B7001C2B11 /* CoreGraphics.framework in Frameworks */,
				1AE1F86B172432B7001C2B11 /* SystemConfiguration.framework in Frameworks */,
				1AE1F86D172432B7001C2B11 /* AudioToolbox.framework in Frameworks */,
				1AE1F86F172432B7001C2B11 /* CFNetwork.framework in Frameworks */,
				1AE1F871172432B7001C2B11 /* QuartzCore.framework in Frameworks */,
				1AE1F873172432B7001C2B11 /* OpenGLES.framework in Frameworks */,
				1AE1F875172432B7001C2B11 /* CoreLocation.framework in Frameworks */,
				1AE1F877172432B7001C2B11 /* CoreMedia.framework in Frameworks */,
				1AE1F879172432B7001C2B11 /* CoreVideo.framework in Frameworks */,
				1AE1F87B172432B7001C2B11 /* AVFoundation.framework in Frameworks */,
				1AE1F87D172432B7001C2B11 /* Security.framework in Frameworks */,
				1A7B37C4172468C900C44899 /* libzbar.a in Frameworks */,
			);
			runOnlyForDeploymentPostprocessing = 0;
		};
/* End PBXFrameworksBuildPhase section */

/* Begin PBXGroup section */
		1A7B37A61724686F00C44899 /* ZBarSDK */ = {
			isa = PBXGroup;
			children = (
				1A7B37A71724686F00C44899 /* Headers */,
				1A7B37BE1724686F00C44899 /* libzbar.a */,
				1A7B37BF1724686F00C44899 /* Resources */,
			);
			path = ZBarSDK;
			sourceTree = "<group>";
		};
		1A7B37A71724686F00C44899 /* Headers */ = {
			isa = PBXGroup;
			children = (
				1A7B37A81724686F00C44899 /* ZBarSDK */,
			);
			path = Headers;
			sourceTree = "<group>";
		};
		1A7B37A81724686F00C44899 /* ZBarSDK */ = {
			isa = PBXGroup;
			children = (
				1A7B37A91724686F00C44899 /* zbar */,
				1A7B37B31724686F00C44899 /* zbar.h */,
				1A7B37B41724686F00C44899 /* ZBarCameraSimulator.h */,
				1A7B37B51724686F00C44899 /* ZBarCaptureReader.h */,
				1A7B37B61724686F00C44899 /* ZBarHelpController.h */,
				1A7B37B71724686F00C44899 /* ZBarImage.h */,
				1A7B37B81724686F00C44899 /* ZBarImageScanner.h */,
				1A7B37B91724686F00C44899 /* ZBarReaderController.h */,
				1A7B37BA1724686F00C44899 /* ZBarReaderView.h */,
				1A7B37BB1724686F00C44899 /* ZBarReaderViewController.h */,
				1A7B37BC1724686F00C44899 /* ZBarSDK.h */,
				1A7B37BD1724686F00C44899 /* ZBarSymbol.h */,
			);
			path = ZBarSDK;
			sourceTree = "<group>";
		};
		1A7B37A91724686F00C44899 /* zbar */ = {
			isa = PBXGroup;
			children = (
				1A7B37AA1724686F00C44899 /* Decoder.h */,
				1A7B37AB1724686F00C44899 /* Exception.h */,
				1A7B37AC1724686F00C44899 /* Image.h */,
				1A7B37AD1724686F00C44899 /* ImageScanner.h */,
				1A7B37AE1724686F00C44899 /* Processor.h */,
				1A7B37AF1724686F00C44899 /* Scanner.h */,
				1A7B37B01724686F00C44899 /* Symbol.h */,
				1A7B37B11724686F00C44899 /* Video.h */,
				1A7B37B21724686F00C44899 /* Window.h */,
			);
			path = zbar;
			sourceTree = "<group>";
		};
		1A7B37BF1724686F00C44899 /* Resources */ = {
			isa = PBXGroup;
			children = (
				1A7B37C01724686F00C44899 /* zbar-back.png */,
				1A7B37C11724686F00C44899 /* zbar-help.html */,
				1A7B37C21724686F00C44899 /* zbar-helpicons.png */,
				1A7B37C31724686F00C44899 /* zbar-samples.png */,
			);
			path = Resources;
			sourceTree = "<group>";
		};
		1AE1F852172432B7001C2B11 = {
			isa = PBXGroup;
			children = (
				1A7B37C51724693400C44899 /* libiconv.dylib */,
				1AE1F87E172432B7001C2B11 /* QRZBar */,
				1AE1F85F172432B7001C2B11 /* Frameworks */,
				1AE1F85E172432B7001C2B11 /* Products */,
			);
			sourceTree = "<group>";
		};
		1AE1F85E172432B7001C2B11 /* Products */ = {
			isa = PBXGroup;
			children = (
				1AE1F85D172432B7001C2B11 /* libQRZBar.a */,
			);
			name = Products;
			sourceTree = "<group>";
		};
		1AE1F85F172432B7001C2B11 /* Frameworks */ = {
			isa = PBXGroup;
			children = (
				1AE1F860172432B7001C2B11 /* Foundation.framework */,
				1AE1F862172432B7001C2B11 /* CoreFoundation.framework */,
				1AE1F864172432B7001C2B11 /* UIKit.framework */,
				1AE1F866172432B7001C2B11 /* MobileCoreServices.framework */,
				1AE1F868172432B7001C2B11 /* CoreGraphics.framework */,
				1AE1F86A172432B7001C2B11 /* SystemConfiguration.framework */,
				1AE1F86C172432B7001C2B11 /* AudioToolbox.framework */,
				1AE1F86E172432B7001C2B11 /* CFNetwork.framework */,
				1AE1F870172432B7001C2B11 /* QuartzCore.framework */,
				1AE1F872172432B7001C2B11 /* OpenGLES.framework */,
				1AE1F874172432B7001C2B11 /* CoreLocation.framework */,
				1AE1F876172432B7001C2B11 /* CoreMedia.framework */,
				1AE1F878172432B7001C2B11 /* CoreVideo.framework */,
				1AE1F87A172432B7001C2B11 /* AVFoundation.framework */,
				1AE1F87C172432B7001C2B11 /* Security.framework */,
			);
			name = Frameworks;
			sourceTree = "<group>";
		};
		1AE1F87E172432B7001C2B11 /* QRZBar */ = {
			isa = PBXGroup;
			children = (
				1A7B37A61724686F00C44899 /* ZBarSDK */,
				1A7B37A11724679000C44899 /* CallZBar.h */,
				1A7B37A21724679000C44899 /* CallZBar.m */,
				1AE1F881172432B7001C2B11 /* QRZBar.h */,
				1AE1F882172432B7001C2B11 /* QRZBar.m */,
				1AE1F87F172432B7001C2B11 /* Supporting Files */,
			);
			path = QRZBar;
			sourceTree = "<group>";
		};
		1AE1F87F172432B7001C2B11 /* Supporting Files */ = {
			isa = PBXGroup;
			children = (
				1AE1F880172432B7001C2B11 /* QRZBar-Prefix.pch */,
				1AE1F884172432B7001C2B11 /* platformoptions.xml */,
			);
			name = "Supporting Files";
			sourceTree = "<group>";
		};
/* End PBXGroup section */

/* Begin PBXHeadersBuildPhase section */
		1AE1F85B172432B7001C2B11 /* Headers */ = {
			isa = PBXHeadersBuildPhase;
			buildActionMask = 2147483647;
			files = (
				1A7B37C71724696600C44899 /* Decoder.h in Headers */,
				1A7B37C81724696600C44899 /* Exception.h in Headers */,
				1A7B37C91724696600C44899 /* Image.h in Headers */,
				1A7B37CA1724696600C44899 /* ImageScanner.h in Headers */,
				1A7B37CB1724696600C44899 /* Processor.h in Headers */,
				1A7B37CC1724696600C44899 /* Scanner.h in Headers */,
				1A7B37CD1724696600C44899 /* Symbol.h in Headers */,
				1A7B37CE1724696600C44899 /* Video.h in Headers */,
				1A7B37CF1724696600C44899 /* Window.h in Headers */,
				1A7B37D01724696600C44899 /* zbar.h in Headers */,
				1A7B37D11724696600C44899 /* ZBarCameraSimulator.h in Headers */,
				1A7B37D21724696600C44899 /* ZBarCaptureReader.h in Headers */,
				1A7B37D31724696600C44899 /* ZBarHelpController.h in Headers */,
				1A7B37D41724696600C44899 /* ZBarImage.h in Headers */,
				1A7B37D51724696600C44899 /* ZBarImageScanner.h in Headers */,
				1A7B37D61724696600C44899 /* ZBarReaderController.h in Headers */,
				1A7B37D71724696600C44899 /* ZBarReaderView.h in Headers */,
				1A7B37D81724696600C44899 /* ZBarReaderViewController.h in Headers */,
				1A7B37D91724696600C44899 /* ZBarSDK.h in Headers */,
				1A7B37DA1724696600C44899 /* ZBarSymbol.h in Headers */,
				1A7B37DB1724696600C44899 /* QRZBar.m in Headers */,
				1A7B37A31724679000C44899 /* CallZBar.h in Headers */,
			);
			runOnlyForDeploymentPostprocessing = 0;
		};
/* End PBXHeadersBuildPhase section */

/* Begin PBXNativeTarget section */
		1AE1F85C172432B7001C2B11 /* QRZBar */ = {
			isa = PBXNativeTarget;
			buildConfigurationList = 1AE1F887172432B7001C2B11 /* Build configuration list for PBXNativeTarget "QRZBar" */;
			buildPhases = (
				1AE1F859172432B7001C2B11 /* Sources */,
				1AE1F85A172432B7001C2B11 /* Frameworks */,
				1AE1F85B172432B7001C2B11 /* Headers */,
			);
			buildRules = (
			);
			dependencies = (
			);
			name = QRZBar;
			productName = QRZBar;
			productReference = 1AE1F85D172432B7001C2B11 /* libQRZBar.a */;
			productType = "com.apple.product-type.library.static";
		};
/* End PBXNativeTarget section */

/* Begin PBXProject section */
		1AE1F854172432B7001C2B11 /* Project object */ = {
			isa = PBXProject;
			attributes = {
				LastUpgradeCheck = 0450;
			};
			buildConfigurationList = 1AE1F857172432B7001C2B11 /* Build configuration list for PBXProject "QRZBar" */;
			compatibilityVersion = "Xcode 3.2";
			developmentRegion = English;
			hasScannedForEncodings = 0;
			knownRegions = (
				en,
			);
			mainGroup = 1AE1F852172432B7001C2B11;
			productRefGroup = 1AE1F85E172432B7001C2B11 /* Products */;
			projectDirPath = "";
			projectRoot = "";
			targets = (
				1AE1F85C172432B7001C2B11 /* QRZBar */,
			);
		};
/* End PBXProject section */

/* Begin PBXSourcesBuildPhase section */
		1AE1F859172432B7001C2B11 /* Sources */ = {
			isa = PBXSourcesBuildPhase;
			buildActionMask = 2147483647;
			files = (
				1AE1F883172432B7001C2B11 /* QRZBar.m in Sources */,
				1A7B37A41724679000C44899 /* CallZBar.m in Sources */,
			);
			runOnlyForDeploymentPostprocessing = 0;
		};
/* End PBXSourcesBuildPhase section */

/* Begin XCBuildConfiguration section */
		1AE1F885172432B7001C2B11 /* Debug */ = {
			isa = XCBuildConfiguration;
			buildSettings = {
				ALWAYS_SEARCH_USER_PATHS = NO;
				ARCHS = "$(ARCHS_STANDARD_32_BIT)";
				CLANG_ENABLE_OBJC_ARC = NO;
				COPY_PHASE_STRIP = NO;
				GCC_C_LANGUAGE_STANDARD = gnu99;
				GCC_DYNAMIC_NO_PIC = NO;
				GCC_ENABLE_CPP_EXCEPTIONS = NO;
				GCC_ENABLE_OBJC_EXCEPTIONS = NO;
				GCC_OPTIMIZATION_LEVEL = 0;
				GCC_PREPROCESSOR_DEFINITIONS = (
					"DEBUG=1",
					"$(inherited)",
				);
				GCC_SYMBOLS_PRIVATE_EXTERN = NO;
				GCC_VERSION = com.apple.compilers.llvmgcc42;
				GCC_WARN_ABOUT_MISSING_PROTOTYPES = YES;
				GCC_WARN_ABOUT_RETURN_TYPE = YES;
				GCC_WARN_UNUSED_VARIABLE = YES;
				IPHONEOS_DEPLOYMENT_TARGET = 6.0;
				SDKROOT = iphoneos;
				USER_HEADER_SEARCH_PATHS = "/Applications/Adobe\\ Flash\\ Builder\\ 4.6/sdks/4.6.0//include/";
			};
			name = Debug;
		};
		1AE1F886172432B7001C2B11 /* Release */ = {
			isa = XCBuildConfiguration;
			buildSettings = {
				ALWAYS_SEARCH_USER_PATHS = NO;
				ARCHS = "$(ARCHS_STANDARD_32_BIT)";
				CLANG_ENABLE_OBJC_ARC = NO;
				COPY_PHASE_STRIP = YES;
				GCC_C_LANGUAGE_STANDARD = gnu99;
				GCC_ENABLE_CPP_EXCEPTIONS = NO;
				GCC_ENABLE_OBJC_EXCEPTIONS = NO;
				GCC_VERSION = com.apple.compilers.llvmgcc42;
				GCC_WARN_ABOUT_MISSING_PROTOTYPES = YES;
				GCC_WARN_ABOUT_RETURN_TYPE = YES;
				GCC_WARN_UNUSED_VARIABLE = YES;
				IPHONEOS_DEPLOYMENT_TARGET = 6.0;
				SDKROOT = iphoneos;
				USER_HEADER_SEARCH_PATHS = "/Applications/Adobe\\ Flash\\ Builder\\ 4.6/sdks/4.6.0//include/";
				VALIDATE_PRODUCT = YES;
			};
			name = Release;
		};
		1AE1F888172432B7001C2B11 /* Debug */ = {
			isa = XCBuildConfiguration;
			buildSettings = {
				DSTROOT = /tmp/QRZBar.dst;
				GCC_PRECOMPILE_PREFIX_HEADER = YES;
				GCC_PREFIX_HEADER = "QRZBar/QRZBar-Prefix.pch";
				LIBRARY_SEARCH_PATHS = (
					"$(inherited)",
					"\"$(SRCROOT)/QRZBar/ZBarSDK\"",
				);
				OTHER_LDFLAGS = "-ObjC";
				PRODUCT_NAME = "$(TARGET_NAME)";
				SKIP_INSTALL = YES;
			};
			name = Debug;
		};
		1AE1F889172432B7001C2B11 /* Release */ = {
			isa = XCBuildConfiguration;
			buildSettings = {
				DSTROOT = /tmp/QRZBar.dst;
				GCC_PRECOMPILE_PREFIX_HEADER = YES;
				GCC_PREFIX_HEADER = "QRZBar/QRZBar-Prefix.pch";
				LIBRARY_SEARCH_PATHS = (
					"$(inherited)",
					"\"$(SRCROOT)/QRZBar/ZBarSDK\"",
				);
				OTHER_LDFLAGS = "-ObjC";
				PRODUCT_NAME = "$(TARGET_NAME)";
				SKIP_INSTALL = YES;
			};
			name = Release;
		};
/* End XCBuildConfiguration section */

/* Begin XCConfigurationList section */
		1AE1F857172432B7001C2B11 /* Build configuration list for PBXProject "QRZBar" */ = {
			isa = XCConfigurationList;
			buildConfigurations = (
				1AE1F885172432B7001C2B11 /* Debug */,
				1AE1F886172432B7001C2B11 /* Release */,
			);
			defaultConfigurationIsVisible = 0;
			defaultConfigurationName = Release;
		};
		1AE1F887172432B7001C2B11 /* Build configuration list for PBXNativeTarget "QRZBar" */ = {
			isa = XCConfigurationList;
			buildConfigurations = (
				1AE1F888172432B7001C2B11 /* Debug */,
				1AE1F889172432B7001C2B11 /* Release */,
			);
			defaultConfigurationIsVisible = 0;
			defaultConfigurationName = Release;
		};
/* End XCConfigurationList section */
	};
	rootObject = 1AE1F854172432B7001C2B11 /* Project object */;
}
